
Microsoft Visual Studio Solution File, Format Version 12.00
# Visual Studio Version 17
VisualStudioVersion = 17.0.31903.59
MinimumVisualStudioVersion = 10.0.40219.1
Project("{FAE04EC0-301F-11D3-BF4B-00C04F79EFBC}") = "WELearning.Core", "WELearning.Core\WELearning.Core.csproj", "{20980A87-C170-4204-9BA5-635396AA0D70}"
EndProject
Project("{FAE04EC0-301F-11D3-BF4B-00C04F79EFBC}") = "WELearning.DynamicCodeExecution", "WELearning.DynamicCodeExecution\WELearning.DynamicCodeExecution.csproj", "{4D71FFB8-F3D7-4225-B16F-C421A756EBDD}"
EndProject
Project("{FAE04EC0-301F-11D3-BF4B-00C04F79EFBC}") = "WELearning.DynamicCodeExecution.Engines.CSharpCompiled", "WELearning.DynamicCodeExecution.Engines.CSharpCompiled\WELearning.DynamicCodeExecution.Engines.CSharpCompiled.csproj", "{0B2C8730-D90D-48C6-A5E4-979B3E31D01F}"
EndProject
Project("{FAE04EC0-301F-11D3-BF4B-00C04F79EFBC}") = "WELearning.DynamicCodeExecution.Engines.CSharpScript", "WELearning.DynamicCodeExecution.Engines.CSharpScript\WELearning.DynamicCodeExecution.Engines.CSharpScript.csproj", "{72FD8A52-9932-4FE8-9728-695C88E1E4EF}"
EndProject
Project("{FAE04EC0-301F-11D3-BF4B-00C04F79EFBC}") = "WELearning.DynamicCodeExecution.Engines.V8Javascript", "WELearning.DynamicCodeExecution.Engines.V8Javascript\WELearning.DynamicCodeExecution.Engines.V8Javascript.csproj", "{4A42FA0F-408A-4AF2-BD00-964A2D0BD733}"
EndProject
Project("{FAE04EC0-301F-11D3-BF4B-00C04F79EFBC}") = "WELearning.DynamicCodeExecution.Engines.JintJavascript", "WELearning.DynamicCodeExecution.Engines.JintJavascript\WELearning.DynamicCodeExecution.Engines.JintJavascript.csproj", "{2E2D4122-84FF-433A-8B8B-E06D96C53C49}"
EndProject
Project("{FAE04EC0-301F-11D3-BF4B-00C04F79EFBC}") = "WELearning.Shared", "WELearning.Shared\WELearning.Shared.csproj", "{937DDAA1-DAD6-459A-A4C8-8C7255972D1B}"
EndProject
Project("{2150E333-8FDC-42A3-9474-1A3956D46DE8}") = "Jint", "Jint", "{FCA54AB7-8BBC-4E83-8865-9D5BE0C01EEF}"
EndProject
Project("{FAE04EC0-301F-11D3-BF4B-00C04F79EFBC}") = "Jint", "Jint\Jint\Jint.csproj", "{1883294A-D7EE-4E55-91D3-F77E766141A0}"
EndProject
Project("{2150E333-8FDC-42A3-9474-1A3956D46DE8}") = "Samples", "Samples", "{4E58655F-3ECB-4767-A059-CF6007F89614}"
EndProject
Project("{FAE04EC0-301F-11D3-BF4B-00C04F79EFBC}") = "WELearning.ConsoleApp.Testing", "Samples\WELearning.ConsoleApp.Testing\WELearning.ConsoleApp.Testing.csproj", "{DAAD94DC-A09F-461D-9B5F-F40934E1514A}"
EndProject
Project("{FAE04EC0-301F-11D3-BF4B-00C04F79EFBC}") = "WELearning.Samples.DeviceService", "Samples\WELearning.Samples.DeviceService\WELearning.Samples.DeviceService.csproj", "{F52F6FEF-4BE4-4C0E-950A-F035DC30787B}"
EndProject
Project("{FAE04EC0-301F-11D3-BF4B-00C04F79EFBC}") = "FLS", "FLS\FLS.csproj", "{DEF95139-7AB2-453A-9695-32E8D0026F94}"
EndProject
Project("{FAE04EC0-301F-11D3-BF4B-00C04F79EFBC}") = "WELearning.Samples.FBWorker", "Samples\WELearning.Samples.FBWorker\WELearning.Samples.FBWorker.csproj", "{EF98088A-30E0-4B12-9B95-8404C21BA921}"
EndProject
Project("{FAE04EC0-301F-11D3-BF4B-00C04F79EFBC}") = "WELearning.Samples.Shared", "Samples\WELearning.Samples.Shared\WELearning.Samples.Shared.csproj", "{30B2580C-5426-479A-91E8-CFDC6AC4F25B}"
EndProject
Global
	GlobalSection(SolutionConfigurationPlatforms) = preSolution
		Debug|Any CPU = Debug|Any CPU
		Release|Any CPU = Release|Any CPU
	EndGlobalSection
	GlobalSection(ProjectConfigurationPlatforms) = postSolution
		{20980A87-C170-4204-9BA5-635396AA0D70}.Debug|Any CPU.ActiveCfg = Debug|Any CPU
		{20980A87-C170-4204-9BA5-635396AA0D70}.Debug|Any CPU.Build.0 = Debug|Any CPU
		{20980A87-C170-4204-9BA5-635396AA0D70}.Release|Any CPU.ActiveCfg = Release|Any CPU
		{20980A87-C170-4204-9BA5-635396AA0D70}.Release|Any CPU.Build.0 = Release|Any CPU
		{4D71FFB8-F3D7-4225-B16F-C421A756EBDD}.Debug|Any CPU.ActiveCfg = Debug|Any CPU
		{4D71FFB8-F3D7-4225-B16F-C421A756EBDD}.Debug|Any CPU.Build.0 = Debug|Any CPU
		{4D71FFB8-F3D7-4225-B16F-C421A756EBDD}.Release|Any CPU.ActiveCfg = Release|Any CPU
		{4D71FFB8-F3D7-4225-B16F-C421A756EBDD}.Release|Any CPU.Build.0 = Release|Any CPU
		{0B2C8730-D90D-48C6-A5E4-979B3E31D01F}.Debug|Any CPU.ActiveCfg = Debug|Any CPU
		{0B2C8730-D90D-48C6-A5E4-979B3E31D01F}.Debug|Any CPU.Build.0 = Debug|Any CPU
		{0B2C8730-D90D-48C6-A5E4-979B3E31D01F}.Release|Any CPU.ActiveCfg = Release|Any CPU
		{0B2C8730-D90D-48C6-A5E4-979B3E31D01F}.Release|Any CPU.Build.0 = Release|Any CPU
		{72FD8A52-9932-4FE8-9728-695C88E1E4EF}.Debug|Any CPU.ActiveCfg = Debug|Any CPU
		{72FD8A52-9932-4FE8-9728-695C88E1E4EF}.Debug|Any CPU.Build.0 = Debug|Any CPU
		{72FD8A52-9932-4FE8-9728-695C88E1E4EF}.Release|Any CPU.ActiveCfg = Release|Any CPU
		{72FD8A52-9932-4FE8-9728-695C88E1E4EF}.Release|Any CPU.Build.0 = Release|Any CPU
		{4A42FA0F-408A-4AF2-BD00-964A2D0BD733}.Debug|Any CPU.ActiveCfg = Debug|Any CPU
		{4A42FA0F-408A-4AF2-BD00-964A2D0BD733}.Debug|Any CPU.Build.0 = Debug|Any CPU
		{4A42FA0F-408A-4AF2-BD00-964A2D0BD733}.Release|Any CPU.ActiveCfg = Release|Any CPU
		{4A42FA0F-408A-4AF2-BD00-964A2D0BD733}.Release|Any CPU.Build.0 = Release|Any CPU
		{2E2D4122-84FF-433A-8B8B-E06D96C53C49}.Debug|Any CPU.ActiveCfg = Debug|Any CPU
		{2E2D4122-84FF-433A-8B8B-E06D96C53C49}.Debug|Any CPU.Build.0 = Debug|Any CPU
		{2E2D4122-84FF-433A-8B8B-E06D96C53C49}.Release|Any CPU.ActiveCfg = Release|Any CPU
		{2E2D4122-84FF-433A-8B8B-E06D96C53C49}.Release|Any CPU.Build.0 = Release|Any CPU
		{937DDAA1-DAD6-459A-A4C8-8C7255972D1B}.Debug|Any CPU.ActiveCfg = Debug|Any CPU
		{937DDAA1-DAD6-459A-A4C8-8C7255972D1B}.Debug|Any CPU.Build.0 = Debug|Any CPU
		{937DDAA1-DAD6-459A-A4C8-8C7255972D1B}.Release|Any CPU.ActiveCfg = Release|Any CPU
		{937DDAA1-DAD6-459A-A4C8-8C7255972D1B}.Release|Any CPU.Build.0 = Release|Any CPU
		{1883294A-D7EE-4E55-91D3-F77E766141A0}.Debug|Any CPU.ActiveCfg = Debug|Any CPU
		{1883294A-D7EE-4E55-91D3-F77E766141A0}.Debug|Any CPU.Build.0 = Debug|Any CPU
		{1883294A-D7EE-4E55-91D3-F77E766141A0}.Release|Any CPU.ActiveCfg = Release|Any CPU
		{1883294A-D7EE-4E55-91D3-F77E766141A0}.Release|Any CPU.Build.0 = Release|Any CPU
		{DAAD94DC-A09F-461D-9B5F-F40934E1514A}.Debug|Any CPU.ActiveCfg = Debug|Any CPU
		{DAAD94DC-A09F-461D-9B5F-F40934E1514A}.Debug|Any CPU.Build.0 = Debug|Any CPU
		{DAAD94DC-A09F-461D-9B5F-F40934E1514A}.Release|Any CPU.ActiveCfg = Release|Any CPU
		{DAAD94DC-A09F-461D-9B5F-F40934E1514A}.Release|Any CPU.Build.0 = Release|Any CPU
		{F52F6FEF-4BE4-4C0E-950A-F035DC30787B}.Debug|Any CPU.ActiveCfg = Debug|Any CPU
		{F52F6FEF-4BE4-4C0E-950A-F035DC30787B}.Debug|Any CPU.Build.0 = Debug|Any CPU
		{F52F6FEF-4BE4-4C0E-950A-F035DC30787B}.Release|Any CPU.ActiveCfg = Release|Any CPU
		{F52F6FEF-4BE4-4C0E-950A-F035DC30787B}.Release|Any CPU.Build.0 = Release|Any CPU
		{DEF95139-7AB2-453A-9695-32E8D0026F94}.Debug|Any CPU.ActiveCfg = Debug|Any CPU
		{DEF95139-7AB2-453A-9695-32E8D0026F94}.Debug|Any CPU.Build.0 = Debug|Any CPU
		{DEF95139-7AB2-453A-9695-32E8D0026F94}.Release|Any CPU.ActiveCfg = Release|Any CPU
		{DEF95139-7AB2-453A-9695-32E8D0026F94}.Release|Any CPU.Build.0 = Release|Any CPU
		{EF98088A-30E0-4B12-9B95-8404C21BA921}.Debug|Any CPU.ActiveCfg = Debug|Any CPU
		{EF98088A-30E0-4B12-9B95-8404C21BA921}.Debug|Any CPU.Build.0 = Debug|Any CPU
		{EF98088A-30E0-4B12-9B95-8404C21BA921}.Release|Any CPU.ActiveCfg = Release|Any CPU
		{EF98088A-30E0-4B12-9B95-8404C21BA921}.Release|Any CPU.Build.0 = Release|Any CPU
		{30B2580C-5426-479A-91E8-CFDC6AC4F25B}.Debug|Any CPU.ActiveCfg = Debug|Any CPU
		{30B2580C-5426-479A-91E8-CFDC6AC4F25B}.Debug|Any CPU.Build.0 = Debug|Any CPU
		{30B2580C-5426-479A-91E8-CFDC6AC4F25B}.Release|Any CPU.ActiveCfg = Release|Any CPU
		{30B2580C-5426-479A-91E8-CFDC6AC4F25B}.Release|Any CPU.Build.0 = Release|Any CPU
	EndGlobalSection
	GlobalSection(SolutionProperties) = preSolution
		HideSolutionNode = FALSE
	EndGlobalSection
	GlobalSection(NestedProjects) = preSolution
		{1883294A-D7EE-4E55-91D3-F77E766141A0} = {FCA54AB7-8BBC-4E83-8865-9D5BE0C01EEF}
		{DAAD94DC-A09F-461D-9B5F-F40934E1514A} = {4E58655F-3ECB-4767-A059-CF6007F89614}
		{F52F6FEF-4BE4-4C0E-950A-F035DC30787B} = {4E58655F-3ECB-4767-A059-CF6007F89614}
		{EF98088A-30E0-4B12-9B95-8404C21BA921} = {4E58655F-3ECB-4767-A059-CF6007F89614}
		{30B2580C-5426-479A-91E8-CFDC6AC4F25B} = {4E58655F-3ECB-4767-A059-CF6007F89614}
	EndGlobalSection
EndGlobal
