
Microsoft Visual Studio Solution File, Format Version 12.00
# Visual Studio Version 17
VisualStudioVersion = 17.0.31903.59
MinimumVisualStudioVersion = 10.0.40219.1
Project("{FAE04EC0-301F-11D3-BF4B-00C04F79EFBC}") = "WELearning.ConsoleApp.Testing", "WELearning.ConsoleApp.Testing\WELearning.ConsoleApp.Testing.csproj", "{03E233F9-30C1-45E1-B6EB-17B2D182BBAC}"
EndProject
Project("{FAE04EC0-301F-11D3-BF4B-00C04F79EFBC}") = "WELearning.Core", "WELearning.Core\WELearning.Core.csproj", "{20980A87-C170-4204-9BA5-635396AA0D70}"
EndProject
Project("{FAE04EC0-301F-11D3-BF4B-00C04F79EFBC}") = "WELearning.DynamicCodeExecution", "WELearning.DynamicCodeExecution\WELearning.DynamicCodeExecution.csproj", "{4D71FFB8-F3D7-4225-B16F-C421A756EBDD}"
EndProject
Project("{FAE04EC0-301F-11D3-BF4B-00C04F79EFBC}") = "WELearning.DynamicCodeExecution.Engines.CSharpCompiled", "WELearning.DynamicCodeExecution.Engines.CSharpCompiled\WELearning.DynamicCodeExecution.Engines.CSharpCompiled.csproj", "{0B2C8730-D90D-48C6-A5E4-979B3E31D01F}"
EndProject
Project("{FAE04EC0-301F-11D3-BF4B-00C04F79EFBC}") = "WELearning.DynamicCodeExecution.Engines.CSharpScript", "WELearning.DynamicCodeExecution.Engines.CSharpScript\WELearning.DynamicCodeExecution.Engines.CSharpScript.csproj", "{72FD8A52-9932-4FE8-9728-695C88E1E4EF}"
EndProject
Project("{FAE04EC0-301F-11D3-BF4B-00C04F79EFBC}") = "WELearning.DynamicCodeExecution.Engines.V8Javascript", "WELearning.DynamicCodeExecution.Engines.V8Javascript\WELearning.DynamicCodeExecution.Engines.V8Javascript.csproj", "{4A42FA0F-408A-4AF2-BD00-964A2D0BD733}"
EndProject
Project("{FAE04EC0-301F-11D3-BF4B-00C04F79EFBC}") = "WELearning.DynamicCodeExecution.Engines.JintJavascript", "WELearning.DynamicCodeExecution.Engines.JintJavascript\WELearning.DynamicCodeExecution.Engines.JintJavascript.csproj", "{2E2D4122-84FF-433A-8B8B-E06D96C53C49}"
EndProject
Global
	GlobalSection(SolutionConfigurationPlatforms) = preSolution
		Debug|Any CPU = Debug|Any CPU
		Release|Any CPU = Release|Any CPU
	EndGlobalSection
	GlobalSection(ProjectConfigurationPlatforms) = postSolution
		{03E233F9-30C1-45E1-B6EB-17B2D182BBAC}.Debug|Any CPU.ActiveCfg = Debug|Any CPU
		{03E233F9-30C1-45E1-B6EB-17B2D182BBAC}.Debug|Any CPU.Build.0 = Debug|Any CPU
		{03E233F9-30C1-45E1-B6EB-17B2D182BBAC}.Release|Any CPU.ActiveCfg = Release|Any CPU
		{03E233F9-30C1-45E1-B6EB-17B2D182BBAC}.Release|Any CPU.Build.0 = Release|Any CPU
		{20980A87-C170-4204-9BA5-635396AA0D70}.Debug|Any CPU.ActiveCfg = Debug|Any CPU
		{20980A87-C170-4204-9BA5-635396AA0D70}.Debug|Any CPU.Build.0 = Debug|Any CPU
		{20980A87-C170-4204-9BA5-635396AA0D70}.Release|Any CPU.ActiveCfg = Release|Any CPU
		{20980A87-C170-4204-9BA5-635396AA0D70}.Release|Any CPU.Build.0 = Release|Any CPU
		{4D71FFB8-F3D7-4225-B16F-C421A756EBDD}.Debug|Any CPU.ActiveCfg = Debug|Any CPU
		{4D71FFB8-F3D7-4225-B16F-C421A756EBDD}.Debug|Any CPU.Build.0 = Debug|Any CPU
		{4D71FFB8-F3D7-4225-B16F-C421A756EBDD}.Release|Any CPU.ActiveCfg = Release|Any CPU
		{4D71FFB8-F3D7-4225-B16F-C421A756EBDD}.Release|Any CPU.Build.0 = Release|Any CPU
		{0B2C8730-D90D-48C6-A5E4-979B3E31D01F}.Debug|Any CPU.ActiveCfg = Debug|Any CPU
		{0B2C8730-D90D-48C6-A5E4-979B3E31D01F}.Debug|Any CPU.Build.0 = Debug|Any CPU
		{0B2C8730-D90D-48C6-A5E4-979B3E31D01F}.Release|Any CPU.ActiveCfg = Release|Any CPU
		{0B2C8730-D90D-48C6-A5E4-979B3E31D01F}.Release|Any CPU.Build.0 = Release|Any CPU
		{72FD8A52-9932-4FE8-9728-695C88E1E4EF}.Debug|Any CPU.ActiveCfg = Debug|Any CPU
		{72FD8A52-9932-4FE8-9728-695C88E1E4EF}.Debug|Any CPU.Build.0 = Debug|Any CPU
		{72FD8A52-9932-4FE8-9728-695C88E1E4EF}.Release|Any CPU.ActiveCfg = Release|Any CPU
		{72FD8A52-9932-4FE8-9728-695C88E1E4EF}.Release|Any CPU.Build.0 = Release|Any CPU
		{4A42FA0F-408A-4AF2-BD00-964A2D0BD733}.Debug|Any CPU.ActiveCfg = Debug|Any CPU
		{4A42FA0F-408A-4AF2-BD00-964A2D0BD733}.Debug|Any CPU.Build.0 = Debug|Any CPU
		{4A42FA0F-408A-4AF2-BD00-964A2D0BD733}.Release|Any CPU.ActiveCfg = Release|Any CPU
		{4A42FA0F-408A-4AF2-BD00-964A2D0BD733}.Release|Any CPU.Build.0 = Release|Any CPU
		{2E2D4122-84FF-433A-8B8B-E06D96C53C49}.Debug|Any CPU.ActiveCfg = Debug|Any CPU
		{2E2D4122-84FF-433A-8B8B-E06D96C53C49}.Debug|Any CPU.Build.0 = Debug|Any CPU
		{2E2D4122-84FF-433A-8B8B-E06D96C53C49}.Release|Any CPU.ActiveCfg = Release|Any CPU
		{2E2D4122-84FF-433A-8B8B-E06D96C53C49}.Release|Any CPU.Build.0 = Release|Any CPU
	EndGlobalSection
	GlobalSection(SolutionProperties) = preSolution
		HideSolutionNode = FALSE
	EndGlobalSection
EndGlobal
